
Microsoft Visual Studio Solution File, Format Version 12.00
# Visual Studio 15
VisualStudioVersion = 15.0.28307.705
MinimumVisualStudioVersion = 10.0.40219.1
Project("{FAE04EC0-301F-11D3-BF4B-00C04F79EFBC}") = "ApiVersioning", "ApiVersioning\ApiVersioning.csproj", "{F13AFDBE-E6E9-4FAD-BFEC-3B30FD510B0D}"
EndProject
Global
	GlobalSection(SolutionConfigurationPlatforms) = preSolution
		Debug|Any CPU = Debug|Any CPU
		Release|Any CPU = Release|Any CPU
	EndGlobalSection
	GlobalSection(ProjectConfigurationPlatforms) = postSolution
		{F13AFDBE-E6E9-4FAD-BFEC-3B30FD510B0D}.Debug|Any CPU.ActiveCfg = Debug|Any CPU
		{F13AFDBE-E6E9-4FAD-BFEC-3B30FD510B0D}.Debug|Any CPU.Build.0 = Debug|Any CPU
		{F13AFDBE-E6E9-4FAD-BFEC-3B30FD510B0D}.Release|Any CPU.ActiveCfg = Release|Any CPU
		{F13AFDBE-E6E9-4FAD-BFEC-3B30FD510B0D}.Release|Any CPU.Build.0 = Release|Any CPU
	EndGlobalSection
	GlobalSection(SolutionProperties) = preSolution
		HideSolutionNode = FALSE
	EndGlobalSection
	GlobalSection(ExtensibilityGlobals) = postSolution
		SolutionGuid = {5CF63F42-52B5-459F-8E75-28180DA83D84}
	EndGlobalSection
EndGlobal
